
Microsoft Visual Studio Solution File, Format Version 12.00
# Visual Studio Version 16
VisualStudioVersion = 16.0.30204.135
MinimumVisualStudioVersion = 10.0.40219.1
Project("{FAE04EC0-301F-11D3-BF4B-00C04F79EFBC}") = "3D66.Download", "3D66.Download\3D66.Download.csproj", "{DB5567D9-805A-4E66-A392-6AC358665C99}"
EndProject
Global
	GlobalSection(SolutionConfigurationPlatforms) = preSolution
		Debug|Any CPU = Debug|Any CPU
		Release|Any CPU = Release|Any CPU
	EndGlobalSection
	GlobalSection(ProjectConfigurationPlatforms) = postSolution
		{DB5567D9-805A-4E66-A392-6AC358665C99}.Debug|Any CPU.ActiveCfg = Debug|Any CPU
		{DB5567D9-805A-4E66-A392-6AC358665C99}.Debug|Any CPU.Build.0 = Debug|Any CPU
		{DB5567D9-805A-4E66-A392-6AC358665C99}.Release|Any CPU.ActiveCfg = Release|Any CPU
		{DB5567D9-805A-4E66-A392-6AC358665C99}.Release|Any CPU.Build.0 = Release|Any CPU
	EndGlobalSection
	GlobalSection(SolutionProperties) = preSolution
		HideSolutionNode = FALSE
	EndGlobalSection
	GlobalSection(ExtensibilityGlobals) = postSolution
		SolutionGuid = {0EC00D10-08E6-45AA-A6E4-6A9E4FFFEDE7}
	EndGlobalSection
EndGlobal
